
Microsoft Visual Studio Solution File, Format Version 12.00
# Visual Studio Version 17
VisualStudioVersion = 17.5.002.0
MinimumVisualStudioVersion = 10.0.40219.1
Project("{9A19103F-16F7-4668-BE54-9A1E7A4F7556}") = "ai-proj-4", "ai-proj-4.csproj", "{9E433417-D699-469D-A464-A0A5DA56528E}"
EndProject
Global
	GlobalSection(SolutionConfigurationPlatforms) = preSolution
		Debug|Any CPU = Debug|Any CPU
		Release|Any CPU = Release|Any CPU
	EndGlobalSection
	GlobalSection(ProjectConfigurationPlatforms) = postSolution
		{9E433417-D699-469D-A464-A0A5DA56528E}.Debug|Any CPU.ActiveCfg = Debug|Any CPU
		{9E433417-D699-469D-A464-A0A5DA56528E}.Debug|Any CPU.Build.0 = Debug|Any CPU
		{9E433417-D699-469D-A464-A0A5DA56528E}.Release|Any CPU.ActiveCfg = Release|Any CPU
		{9E433417-D699-469D-A464-A0A5DA56528E}.Release|Any CPU.Build.0 = Release|Any CPU
	EndGlobalSection
	GlobalSection(SolutionProperties) = preSolution
		HideSolutionNode = FALSE
	EndGlobalSection
	GlobalSection(ExtensibilityGlobals) = postSolution
		SolutionGuid = {674EF523-AD6A-4B98-8561-81D4A6533AEF}
	EndGlobalSection
EndGlobal
